
Microsoft Visual Studio Solution File, Format Version 12.00
# Visual Studio Version 17
VisualStudioVersion = 17.5.002.0
MinimumVisualStudioVersion = 10.0.40219.1
Project("{9A19103F-16F7-4668-BE54-9A1E7A4F7556}") = "teknologisk_functionapp", "teknologisk_functionapp.csproj", "{02B37D00-9419-49E3-984D-B2D0531ADF9E}"
EndProject
Global
	GlobalSection(SolutionConfigurationPlatforms) = preSolution
		Debug|Any CPU = Debug|Any CPU
		Release|Any CPU = Release|Any CPU
	EndGlobalSection
	GlobalSection(ProjectConfigurationPlatforms) = postSolution
		{02B37D00-9419-49E3-984D-B2D0531ADF9E}.Debug|Any CPU.ActiveCfg = Debug|Any CPU
		{02B37D00-9419-49E3-984D-B2D0531ADF9E}.Debug|Any CPU.Build.0 = Debug|Any CPU
		{02B37D00-9419-49E3-984D-B2D0531ADF9E}.Release|Any CPU.ActiveCfg = Release|Any CPU
		{02B37D00-9419-49E3-984D-B2D0531ADF9E}.Release|Any CPU.Build.0 = Release|Any CPU
	EndGlobalSection
	GlobalSection(SolutionProperties) = preSolution
		HideSolutionNode = FALSE
	EndGlobalSection
	GlobalSection(ExtensibilityGlobals) = postSolution
		SolutionGuid = {DD9EE0D4-EE71-475E-BC48-A09C5160AB9D}
	EndGlobalSection
EndGlobal
